// !$*UTF8*$!
{
	archiveVersion = 1;
	classes = {
	};
	objectVersion = 46;
	objects = {

/* Begin PBXBuildFile section */
		14CC877719471C2000C0D5BC /* Foundation.framework in Frameworks */ = {isa = PBXBuildFile; fileRef = 14CC877619471C2000C0D5BC /* Foundation.framework */; };
		B33986C61A39ECF4000B6099 /* OSGridPointConversion.framework in Frameworks */ = {isa = PBXBuildFile; fileRef = B33986C51A39ECF4000B6099 /* OSGridPointConversion.framework */; };
		B3A083221A3EFF6100DAFF3E /* main.m in Sources */ = {isa = PBXBuildFile; fileRef = B3A083211A3EFF6100DAFF3E /* main.m */; };
		B3A083251A3EFF6100DAFF3E /* AppDelegate.m in Sources */ = {isa = PBXBuildFile; fileRef = B3A083241A3EFF6100DAFF3E /* AppDelegate.m */; };
		B3A083281A3EFF6100DAFF3E /* ViewController.m in Sources */ = {isa = PBXBuildFile; fileRef = B3A083271A3EFF6100DAFF3E /* ViewController.m */; };
		B3A0832B1A3EFF6100DAFF3E /* Main.storyboard in Resources */ = {isa = PBXBuildFile; fileRef = B3A083291A3EFF6100DAFF3E /* Main.storyboard */; };
		B3A0832D1A3EFF6100DAFF3E /* Images.xcassets in Resources */ = {isa = PBXBuildFile; fileRef = B3A0832C1A3EFF6100DAFF3E /* Images.xcassets */; };
		B3A083301A3EFF6100DAFF3E /* LaunchScreen.xib in Resources */ = {isa = PBXBuildFile; fileRef = B3A0832E1A3EFF6100DAFF3E /* LaunchScreen.xib */; };
		B3A083431A3EFF7100DAFF3E /* OSCoreLocationManagerTests.m in Sources */ = {isa = PBXBuildFile; fileRef = D6A239971965AEF700167DAB /* OSCoreLocationManagerTests.m */; };
		B3A083441A3EFF7400DAFF3E /* OSServiceRelationshipManagerTests.m in Sources */ = {isa = PBXBuildFile; fileRef = D6BA2F95195DB0DE0099B7F7 /* OSServiceRelationshipManagerTests.m */; };
		B3A083451A3EFF7C00DAFF3E /* OSLocationServiceTests.m in Sources */ = {isa = PBXBuildFile; fileRef = 14CC879219471C2000C0D5BC /* OSLocationServiceTests.m */; };
		B3A083461A3EFF7F00DAFF3E /* OSLocationTests.m in Sources */ = {isa = PBXBuildFile; fileRef = D6C0C936195C2CE300C168ED /* OSLocationTests.m */; };
		B3A083471A3EFF9E00DAFF3E /* libOSLocationService.a in Frameworks */ = {isa = PBXBuildFile; fileRef = 14CC877319471C2000C0D5BC /* libOSLocationService.a */; };
		B3A083491A3EFFAC00DAFF3E /* OSGridPointConversion.framework in Frameworks */ = {isa = PBXBuildFile; fileRef = B33986C51A39ECF4000B6099 /* OSGridPointConversion.framework */; };
		B3A0834A1A3EFFCE00DAFF3E /* MIQTestingFramework.framework in Frameworks */ = {isa = PBXBuildFile; fileRef = B33986C71A39EE3C000B6099 /* MIQTestingFramework.framework */; };
		B3A0834B1A3EFFDA00DAFF3E /* libOSLocationService.a in Frameworks */ = {isa = PBXBuildFile; fileRef = 14CC877319471C2000C0D5BC /* libOSLocationService.a */; };
		B3A0834C1A3EFFF300DAFF3E /* OSGridPointConversion.framework in Frameworks */ = {isa = PBXBuildFile; fileRef = B33986C51A39ECF4000B6099 /* OSGridPointConversion.framework */; };
		B3A0834D1A3F000E00DAFF3E /* OSGridPointConversion.framework in Frameworks */ = {isa = PBXBuildFile; fileRef = B33986C51A39ECF4000B6099 /* OSGridPointConversion.framework */; };
		B3A0834E1A3F000E00DAFF3E /* OSGridPointConversion.framework in Embed Frameworks */ = {isa = PBXBuildFile; fileRef = B33986C51A39ECF4000B6099 /* OSGridPointConversion.framework */; settings = {ATTRIBUTES = (CodeSignOnCopy, RemoveHeadersOnCopy, ); }; };
		D6A23986196562DE00167DAB /* SystemConfiguration.framework in Frameworks */ = {isa = PBXBuildFile; fileRef = D6A23984196562D700167DAB /* SystemConfiguration.framework */; };
		D6A2398C1965641E00167DAB /* CoreGraphics.framework in Frameworks */ = {isa = PBXBuildFile; fileRef = D6A2398B1965641E00167DAB /* CoreGraphics.framework */; };
		D6A2398E1965642500167DAB /* CoreLocation.framework in Frameworks */ = {isa = PBXBuildFile; fileRef = D6A2398D1965642500167DAB /* CoreLocation.framework */; };
		D6A239901965642E00167DAB /* QuartzCore.framework in Frameworks */ = {isa = PBXBuildFile; fileRef = D6A2398F1965642E00167DAB /* QuartzCore.framework */; };
		D6A239961965863E00167DAB /* OSCoreLocationManager.m in Sources */ = {isa = PBXBuildFile; fileRef = D6A239951965863E00167DAB /* OSCoreLocationManager.m */; };
		D6BA2F92195DB0CE0099B7F7 /* OSLocation.m in Sources */ = {isa = PBXBuildFile; fileRef = D6BA2F8C195DB0CE0099B7F7 /* OSLocation.m */; };
		D6BA2F93195DB0CE0099B7F7 /* OSLocationService.m in Sources */ = {isa = PBXBuildFile; fileRef = D6BA2F8E195DB0CE0099B7F7 /* OSLocationService.m */; };
		D6BA2F94195DB0CE0099B7F7 /* OSServiceRelationshipManager.m in Sources */ = {isa = PBXBuildFile; fileRef = D6BA2F91195DB0CE0099B7F7 /* OSServiceRelationshipManager.m */; };
		D6D628741962EE2100E3B8DA /* OSLocationService.h in CopyFiles */ = {isa = PBXBuildFile; fileRef = D6BA2F8D195DB0CE0099B7F7 /* OSLocationService.h */; };
		D6D628751962EE2400E3B8DA /* OSLocation.h in CopyFiles */ = {isa = PBXBuildFile; fileRef = D6BA2F8B195DB0CE0099B7F7 /* OSLocation.h */; };
		D6D628831962EECE00E3B8DA /* OSLocationServiceOptions.h in CopyFiles */ = {isa = PBXBuildFile; fileRef = D6BA2F8F195DB0CE0099B7F7 /* OSLocationServiceOptions.h */; };
		D6D628871962F25400E3B8DA /* OSLocationServiceObserverProtocol.h in CopyFiles */ = {isa = PBXBuildFile; fileRef = D6D628861962F16400E3B8DA /* OSLocationServiceObserverProtocol.h */; };
		D6D628891962F9F000E3B8DA /* OSLocationServicePreferences.h in CopyFiles */ = {isa = PBXBuildFile; fileRef = D6D628881962F94000E3B8DA /* OSLocationServicePreferences.h */; };
/* End PBXBuildFile section */

/* Begin PBXContainerItemProxy section */
		B3A083361A3EFF6100DAFF3E /* PBXContainerItemProxy */ = {
			isa = PBXContainerItemProxy;
			containerPortal = 14CC876B19471C2000C0D5BC /* Project object */;
			proxyType = 1;
			remoteGlobalIDString = B3A0831C1A3EFF6100DAFF3E;
			remoteInfo = OSLocationTestHost;
		};
/* End PBXContainerItemProxy section */

/* Begin PBXCopyFilesBuildPhase section */
		14CC877119471C2000C0D5BC /* CopyFiles */ = {
			isa = PBXCopyFilesBuildPhase;
			buildActionMask = 2147483647;
			dstPath = "include/$(PRODUCT_NAME)";
			dstSubfolderSpec = 16;
			files = (
				D6D628891962F9F000E3B8DA /* OSLocationServicePreferences.h in CopyFiles */,
				D6D628871962F25400E3B8DA /* OSLocationServiceObserverProtocol.h in CopyFiles */,
				D6D628831962EECE00E3B8DA /* OSLocationServiceOptions.h in CopyFiles */,
				D6D628751962EE2400E3B8DA /* OSLocation.h in CopyFiles */,
				D6D628741962EE2100E3B8DA /* OSLocationService.h in CopyFiles */,
			);
			runOnlyForDeploymentPostprocessing = 0;
		};
		B3A0834F1A3F000E00DAFF3E /* Embed Frameworks */ = {
			isa = PBXCopyFilesBuildPhase;
			buildActionMask = 2147483647;
			dstPath = "";
			dstSubfolderSpec = 10;
			files = (
				B3A0834E1A3F000E00DAFF3E /* OSGridPointConversion.framework in Embed Frameworks */,
			);
			name = "Embed Frameworks";
			runOnlyForDeploymentPostprocessing = 0;
		};
/* End PBXCopyFilesBuildPhase section */

/* Begin PBXFileReference section */
		14CC877319471C2000C0D5BC /* libOSLocationService.a */ = {isa = PBXFileReference; explicitFileType = archive.ar; includeInIndex = 0; path = libOSLocationService.a; sourceTree = BUILT_PRODUCTS_DIR; };
		14CC877619471C2000C0D5BC /* Foundation.framework */ = {isa = PBXFileReference; lastKnownFileType = wrapper.framework; name = Foundation.framework; path = System/Library/Frameworks/Foundation.framework; sourceTree = SDKROOT; };
		14CC877A19471C2000C0D5BC /* OSLocationService-Prefix.pch */ = {isa = PBXFileReference; lastKnownFileType = sourcecode.c.h; path = "OSLocationService-Prefix.pch"; sourceTree = "<group>"; };
		14CC879219471C2000C0D5BC /* OSLocationServiceTests.m */ = {isa = PBXFileReference; lastKnownFileType = sourcecode.c.objc; name = OSLocationServiceTests.m; path = ../OSLocationServiceTests/OSLocationServiceTests.m; sourceTree = "<group>"; };
		B33986C51A39ECF4000B6099 /* OSGridPointConversion.framework */ = {isa = PBXFileReference; lastKnownFileType = wrapper.framework; path = OSGridPointConversion.framework; sourceTree = "<group>"; };
		B33986C71A39EE3C000B6099 /* MIQTestingFramework.framework */ = {isa = PBXFileReference; lastKnownFileType = wrapper.framework; path = MIQTestingFramework.framework; sourceTree = "<group>"; };
		B33986CB1A39EF36000B6099 /* CoreData.framework */ = {isa = PBXFileReference; lastKnownFileType = wrapper.framework; name = CoreData.framework; path = System/Library/Frameworks/CoreData.framework; sourceTree = SDKROOT; };
		B3A0831D1A3EFF6100DAFF3E /* OSLocationTestHost.app */ = {isa = PBXFileReference; explicitFileType = wrapper.application; includeInIndex = 0; path = OSLocationTestHost.app; sourceTree = BUILT_PRODUCTS_DIR; };
		B3A083201A3EFF6100DAFF3E /* Info.plist */ = {isa = PBXFileReference; lastKnownFileType = text.plist.xml; path = Info.plist; sourceTree = "<group>"; };
		B3A083211A3EFF6100DAFF3E /* main.m */ = {isa = PBXFileReference; lastKnownFileType = sourcecode.c.objc; path = main.m; sourceTree = "<group>"; };
		B3A083231A3EFF6100DAFF3E /* AppDelegate.h */ = {isa = PBXFileReference; lastKnownFileType = sourcecode.c.h; path = AppDelegate.h; sourceTree = "<group>"; };
		B3A083241A3EFF6100DAFF3E /* AppDelegate.m */ = {isa = PBXFileReference; lastKnownFileType = sourcecode.c.objc; path = AppDelegate.m; sourceTree = "<group>"; };
		B3A083261A3EFF6100DAFF3E /* ViewController.h */ = {isa = PBXFileReference; lastKnownFileType = sourcecode.c.h; path = ViewController.h; sourceTree = "<group>"; };
		B3A083271A3EFF6100DAFF3E /* ViewController.m */ = {isa = PBXFileReference; lastKnownFileType = sourcecode.c.objc; path = ViewController.m; sourceTree = "<group>"; };
		B3A0832A1A3EFF6100DAFF3E /* Base */ = {isa = PBXFileReference; lastKnownFileType = file.storyboard; name = Base; path = Base.lproj/Main.storyboard; sourceTree = "<group>"; };
		B3A0832C1A3EFF6100DAFF3E /* Images.xcassets */ = {isa = PBXFileReference; lastKnownFileType = folder.assetcatalog; path = Images.xcassets; sourceTree = "<group>"; };
		B3A0832F1A3EFF6100DAFF3E /* Base */ = {isa = PBXFileReference; lastKnownFileType = file.xib; name = Base; path = Base.lproj/LaunchScreen.xib; sourceTree = "<group>"; };
		B3A083351A3EFF6100DAFF3E /* OSLocationTestHostTests.xctest */ = {isa = PBXFileReference; explicitFileType = wrapper.cfbundle; includeInIndex = 0; path = OSLocationTestHostTests.xctest; sourceTree = BUILT_PRODUCTS_DIR; };
		B3A0833A1A3EFF6100DAFF3E /* Info.plist */ = {isa = PBXFileReference; lastKnownFileType = text.plist.xml; path = Info.plist; sourceTree = "<group>"; };
		D6A23984196562D700167DAB /* SystemConfiguration.framework */ = {isa = PBXFileReference; lastKnownFileType = wrapper.framework; name = SystemConfiguration.framework; path = System/Library/Frameworks/SystemConfiguration.framework; sourceTree = SDKROOT; };
		D6A2398B1965641E00167DAB /* CoreGraphics.framework */ = {isa = PBXFileReference; lastKnownFileType = wrapper.framework; name = CoreGraphics.framework; path = System/Library/Frameworks/CoreGraphics.framework; sourceTree = SDKROOT; };
		D6A2398D1965642500167DAB /* CoreLocation.framework */ = {isa = PBXFileReference; lastKnownFileType = wrapper.framework; name = CoreLocation.framework; path = System/Library/Frameworks/CoreLocation.framework; sourceTree = SDKROOT; };
		D6A2398F1965642E00167DAB /* QuartzCore.framework */ = {isa = PBXFileReference; lastKnownFileType = wrapper.framework; name = QuartzCore.framework; path = System/Library/Frameworks/QuartzCore.framework; sourceTree = SDKROOT; };
		D6A239941965863E00167DAB /* OSCoreLocationManager.h */ = {isa = PBXFileReference; fileEncoding = 4; lastKnownFileType = sourcecode.c.h; path = OSCoreLocationManager.h; sourceTree = "<group>"; };
		D6A239951965863E00167DAB /* OSCoreLocationManager.m */ = {isa = PBXFileReference; fileEncoding = 4; lastKnownFileType = sourcecode.c.objc; path = OSCoreLocationManager.m; sourceTree = "<group>"; };
		D6A239971965AEF700167DAB /* OSCoreLocationManagerTests.m */ = {isa = PBXFileReference; fileEncoding = 4; lastKnownFileType = sourcecode.c.objc; name = OSCoreLocationManagerTests.m; path = OSLocationServiceTests/OSCoreLocationManagerTests.m; sourceTree = SOURCE_ROOT; };
		D6BA2F8B195DB0CE0099B7F7 /* OSLocation.h */ = {isa = PBXFileReference; fileEncoding = 4; lastKnownFileType = sourcecode.c.h; path = OSLocation.h; sourceTree = "<group>"; };
		D6BA2F8C195DB0CE0099B7F7 /* OSLocation.m */ = {isa = PBXFileReference; fileEncoding = 4; lastKnownFileType = sourcecode.c.objc; path = OSLocation.m; sourceTree = "<group>"; };
		D6BA2F8D195DB0CE0099B7F7 /* OSLocationService.h */ = {isa = PBXFileReference; fileEncoding = 4; lastKnownFileType = sourcecode.c.h; path = OSLocationService.h; sourceTree = "<group>"; };
		D6BA2F8E195DB0CE0099B7F7 /* OSLocationService.m */ = {isa = PBXFileReference; fileEncoding = 4; lastKnownFileType = sourcecode.c.objc; path = OSLocationService.m; sourceTree = "<group>"; };
		D6BA2F8F195DB0CE0099B7F7 /* OSLocationServiceOptions.h */ = {isa = PBXFileReference; fileEncoding = 4; lastKnownFileType = sourcecode.c.h; path = OSLocationServiceOptions.h; sourceTree = "<group>"; };
		D6BA2F90195DB0CE0099B7F7 /* OSServiceRelationshipManager.h */ = {isa = PBXFileReference; fileEncoding = 4; lastKnownFileType = sourcecode.c.h; path = OSServiceRelationshipManager.h; sourceTree = "<group>"; };
		D6BA2F91195DB0CE0099B7F7 /* OSServiceRelationshipManager.m */ = {isa = PBXFileReference; fileEncoding = 4; lastKnownFileType = sourcecode.c.objc; path = OSServiceRelationshipManager.m; sourceTree = "<group>"; };
		D6BA2F95195DB0DE0099B7F7 /* OSServiceRelationshipManagerTests.m */ = {isa = PBXFileReference; fileEncoding = 4; lastKnownFileType = sourcecode.c.objc; name = OSServiceRelationshipManagerTests.m; path = ../OSLocationServiceTests/OSServiceRelationshipManagerTests.m; sourceTree = "<group>"; };
		D6C0C936195C2CE300C168ED /* OSLocationTests.m */ = {isa = PBXFileReference; fileEncoding = 4; lastKnownFileType = sourcecode.c.objc; name = OSLocationTests.m; path = ../OSLocationServiceTests/OSLocationTests.m; sourceTree = "<group>"; };
		D6D628861962F16400E3B8DA /* OSLocationServiceObserverProtocol.h */ = {isa = PBXFileReference; lastKnownFileType = sourcecode.c.h; path = OSLocationServiceObserverProtocol.h; sourceTree = "<group>"; };
		D6D628881962F94000E3B8DA /* OSLocationServicePreferences.h */ = {isa = PBXFileReference; lastKnownFileType = sourcecode.c.h; path = OSLocationServicePreferences.h; sourceTree = "<group>"; };
/* End PBXFileReference section */

/* Begin PBXFrameworksBuildPhase section */
		14CC877019471C2000C0D5BC /* Frameworks */ = {
			isa = PBXFrameworksBuildPhase;
			buildActionMask = 2147483647;
			files = (
				D6A239901965642E00167DAB /* QuartzCore.framework in Frameworks */,
				D6A2398E1965642500167DAB /* CoreLocation.framework in Frameworks */,
				D6A2398C1965641E00167DAB /* CoreGraphics.framework in Frameworks */,
				D6A23986196562DE00167DAB /* SystemConfiguration.framework in Frameworks */,
				14CC877719471C2000C0D5BC /* Foundation.framework in Frameworks */,
				B33986C61A39ECF4000B6099 /* OSGridPointConversion.framework in Frameworks */,
			);
			runOnlyForDeploymentPostprocessing = 0;
		};
		B3A0831A1A3EFF6100DAFF3E /* Frameworks */ = {
			isa = PBXFrameworksBuildPhase;
			buildActionMask = 2147483647;
			files = (
				B3A083471A3EFF9E00DAFF3E /* libOSLocationService.a in Frameworks */,
				B3A083491A3EFFAC00DAFF3E /* OSGridPointConversion.framework in Frameworks */,
				B3A0834D1A3F000E00DAFF3E /* OSGridPointConversion.framework in Frameworks */,
			);
			runOnlyForDeploymentPostprocessing = 0;
		};
		B3A083321A3EFF6100DAFF3E /* Frameworks */ = {
			isa = PBXFrameworksBuildPhase;
			buildActionMask = 2147483647;
			files = (
				B3A0834B1A3EFFDA00DAFF3E /* libOSLocationService.a in Frameworks */,
				B3A0834A1A3EFFCE00DAFF3E /* MIQTestingFramework.framework in Frameworks */,
				B3A0834C1A3EFFF300DAFF3E /* OSGridPointConversion.framework in Frameworks */,
			);
			runOnlyForDeploymentPostprocessing = 0;
		};
/* End PBXFrameworksBuildPhase section */

/* Begin PBXGroup section */
		14CC876A19471C2000C0D5BC = {
			isa = PBXGroup;
			children = (
				14CC877819471C2000C0D5BC /* OSLocationService */,
				B3A0831E1A3EFF6100DAFF3E /* OSLocationTestHost */,
				B3A083381A3EFF6100DAFF3E /* OSLocationTestHostTests */,
				14CC877519471C2000C0D5BC /* Frameworks */,
				14CC877419471C2000C0D5BC /* Products */,
			);
			sourceTree = "<group>";
		};
		14CC877419471C2000C0D5BC /* Products */ = {
			isa = PBXGroup;
			children = (
				14CC877319471C2000C0D5BC /* libOSLocationService.a */,
				B3A0831D1A3EFF6100DAFF3E /* OSLocationTestHost.app */,
				B3A083351A3EFF6100DAFF3E /* OSLocationTestHostTests.xctest */,
			);
			name = Products;
			sourceTree = "<group>";
		};
		14CC877519471C2000C0D5BC /* Frameworks */ = {
			isa = PBXGroup;
			children = (
				B33986CB1A39EF36000B6099 /* CoreData.framework */,
				B33986C71A39EE3C000B6099 /* MIQTestingFramework.framework */,
				B33986C51A39ECF4000B6099 /* OSGridPointConversion.framework */,
				D6A2398F1965642E00167DAB /* QuartzCore.framework */,
				D6A2398D1965642500167DAB /* CoreLocation.framework */,
				D6A2398B1965641E00167DAB /* CoreGraphics.framework */,
				D6A23984196562D700167DAB /* SystemConfiguration.framework */,
				14CC877619471C2000C0D5BC /* Foundation.framework */,
			);
			name = Frameworks;
			sourceTree = "<group>";
		};
		14CC877819471C2000C0D5BC /* OSLocationService */ = {
			isa = PBXGroup;
			children = (
				D6BA2F8B195DB0CE0099B7F7 /* OSLocation.h */,
				D6BA2F8C195DB0CE0099B7F7 /* OSLocation.m */,
				D6BA2F8D195DB0CE0099B7F7 /* OSLocationService.h */,
				D6BA2F8E195DB0CE0099B7F7 /* OSLocationService.m */,
				D6A239941965863E00167DAB /* OSCoreLocationManager.h */,
				D6A239951965863E00167DAB /* OSCoreLocationManager.m */,
				D6BA2F8F195DB0CE0099B7F7 /* OSLocationServiceOptions.h */,
				D6D628881962F94000E3B8DA /* OSLocationServicePreferences.h */,
				D6D628861962F16400E3B8DA /* OSLocationServiceObserverProtocol.h */,
				D6BA2F90195DB0CE0099B7F7 /* OSServiceRelationshipManager.h */,
				D6BA2F91195DB0CE0099B7F7 /* OSServiceRelationshipManager.m */,
				14CC877919471C2000C0D5BC /* Supporting Files */,
			);
			path = OSLocationService;
			sourceTree = "<group>";
		};
		14CC877919471C2000C0D5BC /* Supporting Files */ = {
			isa = PBXGroup;
			children = (
				14CC877A19471C2000C0D5BC /* OSLocationService-Prefix.pch */,
			);
			name = "Supporting Files";
			sourceTree = "<group>";
		};
		B3A0831E1A3EFF6100DAFF3E /* OSLocationTestHost */ = {
			isa = PBXGroup;
			children = (
				B3A083231A3EFF6100DAFF3E /* AppDelegate.h */,
				B3A083241A3EFF6100DAFF3E /* AppDelegate.m */,
				B3A083261A3EFF6100DAFF3E /* ViewController.h */,
				B3A083271A3EFF6100DAFF3E /* ViewController.m */,
				B3A083291A3EFF6100DAFF3E /* Main.storyboard */,
				B3A0832C1A3EFF6100DAFF3E /* Images.xcassets */,
				B3A0832E1A3EFF6100DAFF3E /* LaunchScreen.xib */,
				B3A0831F1A3EFF6100DAFF3E /* Supporting Files */,
			);
			path = OSLocationTestHost;
			sourceTree = "<group>";
		};
		B3A0831F1A3EFF6100DAFF3E /* Supporting Files */ = {
			isa = PBXGroup;
			children = (
				B3A083201A3EFF6100DAFF3E /* Info.plist */,
				B3A083211A3EFF6100DAFF3E /* main.m */,
			);
			name = "Supporting Files";
			sourceTree = "<group>";
		};
		B3A083381A3EFF6100DAFF3E /* OSLocationTestHostTests */ = {
			isa = PBXGroup;
			children = (
				D6A239971965AEF700167DAB /* OSCoreLocationManagerTests.m */,
				D6BA2F95195DB0DE0099B7F7 /* OSServiceRelationshipManagerTests.m */,
				14CC879219471C2000C0D5BC /* OSLocationServiceTests.m */,
				D6C0C936195C2CE300C168ED /* OSLocationTests.m */,
				B3A083391A3EFF6100DAFF3E /* Supporting Files */,
			);
			path = OSLocationTestHostTests;
			sourceTree = "<group>";
		};
		B3A083391A3EFF6100DAFF3E /* Supporting Files */ = {
			isa = PBXGroup;
			children = (
				B3A0833A1A3EFF6100DAFF3E /* Info.plist */,
			);
			name = "Supporting Files";
			sourceTree = "<group>";
		};
/* End PBXGroup section */

/* Begin PBXNativeTarget section */
		14CC877219471C2000C0D5BC /* OSLocationService */ = {
			isa = PBXNativeTarget;
			buildConfigurationList = 14CC879619471C2000C0D5BC /* Build configuration list for PBXNativeTarget "OSLocationService" */;
			buildPhases = (
				D66B362719630FBC0050DBC3 /* ShellScript */,
				14CC876F19471C2000C0D5BC /* Sources */,
				14CC877019471C2000C0D5BC /* Frameworks */,
				14CC877119471C2000C0D5BC /* CopyFiles */,
			);
			buildRules = (
			);
			dependencies = (
			);
			name = OSLocationService;
			productName = OSLocationService;
			productReference = 14CC877319471C2000C0D5BC /* libOSLocationService.a */;
			productType = "com.apple.product-type.library.static";
		};
		B3A0831C1A3EFF6100DAFF3E /* OSLocationTestHost */ = {
			isa = PBXNativeTarget;
			buildConfigurationList = B3A0833D1A3EFF6100DAFF3E /* Build configuration list for PBXNativeTarget "OSLocationTestHost" */;
			buildPhases = (
				B3A083191A3EFF6100DAFF3E /* Sources */,
				B3A0831A1A3EFF6100DAFF3E /* Frameworks */,
				B3A0831B1A3EFF6100DAFF3E /* Resources */,
				B3A0834F1A3F000E00DAFF3E /* Embed Frameworks */,
			);
			buildRules = (
			);
			dependencies = (
			);
			name = OSLocationTestHost;
			productName = OSLocationTestHost;
			productReference = B3A0831D1A3EFF6100DAFF3E /* OSLocationTestHost.app */;
			productType = "com.apple.product-type.application";
		};
		B3A083341A3EFF6100DAFF3E /* OSLocationTestHostTests */ = {
			isa = PBXNativeTarget;
			buildConfigurationList = B3A083401A3EFF6100DAFF3E /* Build configuration list for PBXNativeTarget "OSLocationTestHostTests" */;
			buildPhases = (
				B3A083311A3EFF6100DAFF3E /* Sources */,
				B3A083321A3EFF6100DAFF3E /* Frameworks */,
				B3A083331A3EFF6100DAFF3E /* Resources */,
			);
			buildRules = (
			);
			dependencies = (
				B3A083371A3EFF6100DAFF3E /* PBXTargetDependency */,
			);
			name = OSLocationTestHostTests;
			productName = OSLocationTestHostTests;
			productReference = B3A083351A3EFF6100DAFF3E /* OSLocationTestHostTests.xctest */;
			productType = "com.apple.product-type.bundle.unit-test";
		};
/* End PBXNativeTarget section */

/* Begin PBXProject section */
		14CC876B19471C2000C0D5BC /* Project object */ = {
			isa = PBXProject;
			attributes = {
				LastUpgradeCheck = 0510;
				ORGANIZATIONNAME = "Ordnance Survey";
				TargetAttributes = {
					B3A0831C1A3EFF6100DAFF3E = {
						CreatedOnToolsVersion = 6.1.1;
					};
					B3A083341A3EFF6100DAFF3E = {
						CreatedOnToolsVersion = 6.1.1;
						TestTargetID = B3A0831C1A3EFF6100DAFF3E;
					};
				};
			};
			buildConfigurationList = 14CC876E19471C2000C0D5BC /* Build configuration list for PBXProject "OSLocationService" */;
			compatibilityVersion = "Xcode 3.2";
			developmentRegion = English;
			hasScannedForEncodings = 0;
			knownRegions = (
				en,
				Base,
			);
			mainGroup = 14CC876A19471C2000C0D5BC;
			productRefGroup = 14CC877419471C2000C0D5BC /* Products */;
			projectDirPath = "";
			projectRoot = "";
			targets = (
				14CC877219471C2000C0D5BC /* OSLocationService */,
				B3A0831C1A3EFF6100DAFF3E /* OSLocationTestHost */,
				B3A083341A3EFF6100DAFF3E /* OSLocationTestHostTests */,
			);
		};
/* End PBXProject section */

/* Begin PBXResourcesBuildPhase section */
		B3A0831B1A3EFF6100DAFF3E /* Resources */ = {
			isa = PBXResourcesBuildPhase;
			buildActionMask = 2147483647;
			files = (
				B3A0832B1A3EFF6100DAFF3E /* Main.storyboard in Resources */,
				B3A083301A3EFF6100DAFF3E /* LaunchScreen.xib in Resources */,
				B3A0832D1A3EFF6100DAFF3E /* Images.xcassets in Resources */,
			);
			runOnlyForDeploymentPostprocessing = 0;
		};
		B3A083331A3EFF6100DAFF3E /* Resources */ = {
			isa = PBXResourcesBuildPhase;
			buildActionMask = 2147483647;
			files = (
			);
			runOnlyForDeploymentPostprocessing = 0;
		};
/* End PBXResourcesBuildPhase section */

/* Begin PBXShellScriptBuildPhase section */
		D66B362719630FBC0050DBC3 /* ShellScript */ = {
			isa = PBXShellScriptBuildPhase;
			buildActionMask = 2147483647;
			files = (
			);
			inputPaths = (
			);
			outputPaths = (
			);
			runOnlyForDeploymentPostprocessing = 0;
			shellPath = /bin/sh;
			shellScript = "sh XcodeCoverage/exportenv.sh";
		};
/* End PBXShellScriptBuildPhase section */

/* Begin PBXSourcesBuildPhase section */
		14CC876F19471C2000C0D5BC /* Sources */ = {
			isa = PBXSourcesBuildPhase;
			buildActionMask = 2147483647;
			files = (
				D6BA2F94195DB0CE0099B7F7 /* OSServiceRelationshipManager.m in Sources */,
				D6A239961965863E00167DAB /* OSCoreLocationManager.m in Sources */,
				D6BA2F93195DB0CE0099B7F7 /* OSLocationService.m in Sources */,
				D6BA2F92195DB0CE0099B7F7 /* OSLocation.m in Sources */,
			);
			runOnlyForDeploymentPostprocessing = 0;
		};
		B3A083191A3EFF6100DAFF3E /* Sources */ = {
			isa = PBXSourcesBuildPhase;
			buildActionMask = 2147483647;
			files = (
				B3A083281A3EFF6100DAFF3E /* ViewController.m in Sources */,
				B3A083251A3EFF6100DAFF3E /* AppDelegate.m in Sources */,
				B3A083221A3EFF6100DAFF3E /* main.m in Sources */,
			);
			runOnlyForDeploymentPostprocessing = 0;
		};
		B3A083311A3EFF6100DAFF3E /* Sources */ = {
			isa = PBXSourcesBuildPhase;
			buildActionMask = 2147483647;
			files = (
				B3A083441A3EFF7400DAFF3E /* OSServiceRelationshipManagerTests.m in Sources */,
				B3A083461A3EFF7F00DAFF3E /* OSLocationTests.m in Sources */,
				B3A083451A3EFF7C00DAFF3E /* OSLocationServiceTests.m in Sources */,
				B3A083431A3EFF7100DAFF3E /* OSCoreLocationManagerTests.m in Sources */,
			);
			runOnlyForDeploymentPostprocessing = 0;
		};
/* End PBXSourcesBuildPhase section */

/* Begin PBXTargetDependency section */
		B3A083371A3EFF6100DAFF3E /* PBXTargetDependency */ = {
			isa = PBXTargetDependency;
			target = B3A0831C1A3EFF6100DAFF3E /* OSLocationTestHost */;
			targetProxy = B3A083361A3EFF6100DAFF3E /* PBXContainerItemProxy */;
		};
/* End PBXTargetDependency section */

/* Begin PBXVariantGroup section */
		B3A083291A3EFF6100DAFF3E /* Main.storyboard */ = {
			isa = PBXVariantGroup;
			children = (
				B3A0832A1A3EFF6100DAFF3E /* Base */,
			);
			name = Main.storyboard;
			sourceTree = "<group>";
		};
		B3A0832E1A3EFF6100DAFF3E /* LaunchScreen.xib */ = {
			isa = PBXVariantGroup;
			children = (
				B3A0832F1A3EFF6100DAFF3E /* Base */,
			);
			name = LaunchScreen.xib;
			sourceTree = "<group>";
		};
/* End PBXVariantGroup section */

/* Begin XCBuildConfiguration section */
		14CC879419471C2000C0D5BC /* Debug */ = {
			isa = XCBuildConfiguration;
			buildSettings = {
				ALWAYS_SEARCH_USER_PATHS = NO;
				CLANG_CXX_LANGUAGE_STANDARD = "gnu++0x";
				CLANG_CXX_LIBRARY = "libc++";
				CLANG_ENABLE_MODULES = YES;
				CLANG_ENABLE_OBJC_ARC = YES;
				CLANG_WARN_BOOL_CONVERSION = YES;
				CLANG_WARN_CONSTANT_CONVERSION = YES;
				CLANG_WARN_DIRECT_OBJC_ISA_USAGE = YES_ERROR;
				CLANG_WARN_EMPTY_BODY = YES;
				CLANG_WARN_ENUM_CONVERSION = YES;
				CLANG_WARN_INT_CONVERSION = YES;
				CLANG_WARN_OBJC_ROOT_CLASS = YES_ERROR;
				CLANG_WARN__DUPLICATE_METHOD_MATCH = YES;
				COPY_PHASE_STRIP = NO;
				GCC_C_LANGUAGE_STANDARD = gnu99;
				GCC_DYNAMIC_NO_PIC = NO;
				GCC_GENERATE_TEST_COVERAGE_FILES = YES;
				GCC_INSTRUMENT_PROGRAM_FLOW_ARCS = YES;
				GCC_OPTIMIZATION_LEVEL = 0;
				GCC_PREPROCESSOR_DEFINITIONS = (
					"DEBUG=1",
					"$(inherited)",
				);
				GCC_SYMBOLS_PRIVATE_EXTERN = NO;
				GCC_WARN_64_TO_32_BIT_CONVERSION = YES;
				GCC_WARN_ABOUT_RETURN_TYPE = YES_ERROR;
				GCC_WARN_UNDECLARED_SELECTOR = YES;
				GCC_WARN_UNINITIALIZED_AUTOS = YES_AGGRESSIVE;
				GCC_WARN_UNUSED_FUNCTION = YES;
				GCC_WARN_UNUSED_VARIABLE = YES;
				IPHONEOS_DEPLOYMENT_TARGET = 8.0;
				ONLY_ACTIVE_ARCH = YES;
				SDKROOT = iphoneos;
			};
			name = Debug;
		};
		14CC879519471C2000C0D5BC /* Release */ = {
			isa = XCBuildConfiguration;
			buildSettings = {
				ALWAYS_SEARCH_USER_PATHS = NO;
				CLANG_CXX_LANGUAGE_STANDARD = "gnu++0x";
				CLANG_CXX_LIBRARY = "libc++";
				CLANG_ENABLE_MODULES = YES;
				CLANG_ENABLE_OBJC_ARC = YES;
				CLANG_WARN_BOOL_CONVERSION = YES;
				CLANG_WARN_CONSTANT_CONVERSION = YES;
				CLANG_WARN_DIRECT_OBJC_ISA_USAGE = YES_ERROR;
				CLANG_WARN_EMPTY_BODY = YES;
				CLANG_WARN_ENUM_CONVERSION = YES;
				CLANG_WARN_INT_CONVERSION = YES;
				CLANG_WARN_OBJC_ROOT_CLASS = YES_ERROR;
				CLANG_WARN__DUPLICATE_METHOD_MATCH = YES;
				COPY_PHASE_STRIP = YES;
				ENABLE_NS_ASSERTIONS = NO;
				GCC_C_LANGUAGE_STANDARD = gnu99;
				GCC_WARN_64_TO_32_BIT_CONVERSION = YES;
				GCC_WARN_ABOUT_RETURN_TYPE = YES_ERROR;
				GCC_WARN_UNDECLARED_SELECTOR = YES;
				GCC_WARN_UNINITIALIZED_AUTOS = YES_AGGRESSIVE;
				GCC_WARN_UNUSED_FUNCTION = YES;
				GCC_WARN_UNUSED_VARIABLE = YES;
				IPHONEOS_DEPLOYMENT_TARGET = 8.0;
				SDKROOT = iphoneos;
				VALIDATE_PRODUCT = YES;
			};
			name = Release;
		};
		14CC879719471C2000C0D5BC /* Debug */ = {
			isa = XCBuildConfiguration;
			buildSettings = {
				DSTROOT = /tmp/OSLocationService.dst;
				FRAMEWORK_SEARCH_PATHS = (
					"$(inherited)",
					"$(DEVELOPER_FRAMEWORKS_DIR)",
					"$(PROJECT_DIR)",
				);
				GCC_PRECOMPILE_PREFIX_HEADER = YES;
				GCC_PREFIX_HEADER = "OSLocationService/OSLocationService-Prefix.pch";
				ONLY_ACTIVE_ARCH = NO;
				OTHER_LDFLAGS = "-ObjC";
				PRODUCT_NAME = "$(TARGET_NAME)";
				SKIP_INSTALL = YES;
				VALID_ARCHS = "armv7 armv7s";
			};
			name = Debug;
		};
		14CC879819471C2000C0D5BC /* Release */ = {
			isa = XCBuildConfiguration;
			buildSettings = {
				DSTROOT = /tmp/OSLocationService.dst;
				FRAMEWORK_SEARCH_PATHS = (
					"$(inherited)",
					"$(DEVELOPER_FRAMEWORKS_DIR)",
					"$(PROJECT_DIR)",
				);
				GCC_PRECOMPILE_PREFIX_HEADER = YES;
				GCC_PREFIX_HEADER = "OSLocationService/OSLocationService-Prefix.pch";
				OTHER_LDFLAGS = "-ObjC";
				PRODUCT_NAME = "$(TARGET_NAME)";
				SKIP_INSTALL = YES;
				VALID_ARCHS = "armv7 armv7s";
			};
			name = Release;
		};
		B3A0833E1A3EFF6100DAFF3E /* Debug */ = {
			isa = XCBuildConfiguration;
			buildSettings = {
				ASSETCATALOG_COMPILER_APPICON_NAME = AppIcon;
				CLANG_WARN_UNREACHABLE_CODE = YES;
				"CODE_SIGN_IDENTITY[sdk=iphoneos*]" = "iPhone Developer";
				ENABLE_STRICT_OBJC_MSGSEND = YES;
				FRAMEWORK_SEARCH_PATHS = (
					"$(inherited)",
					"$(PROJECT_DIR)",
				);
				GCC_PREPROCESSOR_DEFINITIONS = (
					"DEBUG=1",
					"$(inherited)",
				);
				INFOPLIST_FILE = OSLocationTestHost/Info.plist;
				IPHONEOS_DEPLOYMENT_TARGET = 8.1;
				LD_RUNPATH_SEARCH_PATHS = "$(inherited) @executable_path/Frameworks";
				MTL_ENABLE_DEBUG_INFO = YES;
				PRODUCT_NAME = "$(TARGET_NAME)";
				TARGETED_DEVICE_FAMILY = "1,2";
			};
			name = Debug;
		};
		B3A0833F1A3EFF6100DAFF3E /* Release */ = {
			isa = XCBuildConfiguration;
			buildSettings = {
				ASSETCATALOG_COMPILER_APPICON_NAME = AppIcon;
				CLANG_WARN_UNREACHABLE_CODE = YES;
				"CODE_SIGN_IDENTITY[sdk=iphoneos*]" = "iPhone Developer";
				ENABLE_STRICT_OBJC_MSGSEND = YES;
				FRAMEWORK_SEARCH_PATHS = (
					"$(inherited)",
					"$(PROJECT_DIR)",
				);
				INFOPLIST_FILE = OSLocationTestHost/Info.plist;
				IPHONEOS_DEPLOYMENT_TARGET = 8.1;
				LD_RUNPATH_SEARCH_PATHS = "$(inherited) @executable_path/Frameworks";
				MTL_ENABLE_DEBUG_INFO = NO;
				PRODUCT_NAME = "$(TARGET_NAME)";
				TARGETED_DEVICE_FAMILY = "1,2";
			};
			name = Release;
		};
		B3A083411A3EFF6100DAFF3E /* Debug */ = {
			isa = XCBuildConfiguration;
			buildSettings = {
				BUNDLE_LOADER = "$(TEST_HOST)";
				CLANG_WARN_UNREACHABLE_CODE = YES;
				ENABLE_STRICT_OBJC_MSGSEND = YES;
				FRAMEWORK_SEARCH_PATHS = (
					"$(SDKROOT)/Developer/Library/Frameworks",
					"$(inherited)",
					"$(PROJECT_DIR)",
				);
				GCC_PREPROCESSOR_DEFINITIONS = (
					"DEBUG=1",
					"$(inherited)",
				);
				INFOPLIST_FILE = OSLocationTestHostTests/Info.plist;
				IPHONEOS_DEPLOYMENT_TARGET = 8.1;
				LD_RUNPATH_SEARCH_PATHS = "$(inherited) @executable_path/Frameworks @loader_path/Frameworks";
				MTL_ENABLE_DEBUG_INFO = YES;
				OTHER_LDFLAGS = (
					"$(inherited)",
					"-framework",
					XCTest,
					"-ObjC",
				);
				PRODUCT_NAME = "$(TARGET_NAME)";
				TEST_HOST = "$(BUILT_PRODUCTS_DIR)/OSLocationTestHost.app/OSLocationTestHost";
			};
			name = Debug;
		};
		B3A083421A3EFF6100DAFF3E /* Release */ = {
			isa = XCBuildConfiguration;
			buildSettings = {
				BUNDLE_LOADER = "$(TEST_HOST)";
				CLANG_WARN_UNREACHABLE_CODE = YES;
				ENABLE_STRICT_OBJC_MSGSEND = YES;
				FRAMEWORK_SEARCH_PATHS = (
					"$(SDKROOT)/Developer/Library/Frameworks",
					"$(inherited)",
					"$(PROJECT_DIR)",
				);
				INFOPLIST_FILE = OSLocationTestHostTests/Info.plist;
				IPHONEOS_DEPLOYMENT_TARGET = 8.1;
				LD_RUNPATH_SEARCH_PATHS = "$(inherited) @executable_path/Frameworks @loader_path/Frameworks";
				MTL_ENABLE_DEBUG_INFO = NO;
				OTHER_LDFLAGS = (
					"$(inherited)",
					"-framework",
					XCTest,
					"-ObjC",
				);
				PRODUCT_NAME = "$(TARGET_NAME)";
				TEST_HOST = "$(BUILT_PRODUCTS_DIR)/OSLocationTestHost.app/OSLocationTestHost";
			};
			name = Release;
		};
/* End XCBuildConfiguration section */

/* Begin XCConfigurationList section */
		14CC876E19471C2000C0D5BC /* Build configuration list for PBXProject "OSLocationService" */ = {
			isa = XCConfigurationList;
			buildConfigurations = (
				14CC879419471C2000C0D5BC /* Debug */,
				14CC879519471C2000C0D5BC /* Release */,
			);
			defaultConfigurationIsVisible = 0;
			defaultConfigurationName = Release;
		};
		14CC879619471C2000C0D5BC /* Build configuration list for PBXNativeTarget "OSLocationService" */ = {
			isa = XCConfigurationList;
			buildConfigurations = (
				14CC879719471C2000C0D5BC /* Debug */,
				14CC879819471C2000C0D5BC /* Release */,
			);
			defaultConfigurationIsVisible = 0;
			defaultConfigurationName = Release;
		};
		B3A0833D1A3EFF6100DAFF3E /* Build configuration list for PBXNativeTarget "OSLocationTestHost" */ = {
			isa = XCConfigurationList;
			buildConfigurations = (
				B3A0833E1A3EFF6100DAFF3E /* Debug */,
				B3A0833F1A3EFF6100DAFF3E /* Release */,
			);
			defaultConfigurationIsVisible = 0;
		};
		B3A083401A3EFF6100DAFF3E /* Build configuration list for PBXNativeTarget "OSLocationTestHostTests" */ = {
			isa = XCConfigurationList;
			buildConfigurations = (
				B3A083411A3EFF6100DAFF3E /* Debug */,
				B3A083421A3EFF6100DAFF3E /* Release */,
			);
			defaultConfigurationIsVisible = 0;
		};
/* End XCConfigurationList section */
	};
	rootObject = 14CC876B19471C2000C0D5BC /* Project object */;
}
